
Microsoft Visual Studio Solution File, Format Version 12.00
# Visual Studio Version 17
VisualStudioVersion = 17.14.36804.6 d17.14
MinimumVisualStudioVersion = 10.0.40219.1
Project("{FAE04EC0-301F-11D3-BF4B-00C04F79EFBC}") = "TaskManagerAPI", "TaskManagerAPI\TaskManagerAPI.csproj", "{EA66AF6B-AA9C-4CC7-A0F4-9F2B652ED732}"
EndProject
Project("{2150E333-8FDC-42A3-9474-1A3956D46DE8}") = "Data", "Data", "{02EA681E-C7D8-13C7-8484-4AC65E1B71E8}"
	ProjectSection(SolutionItems) = preProject
		AppDbContext.cs = AppDbContext.cs
	EndProjectSection
EndProject
Project("{2150E333-8FDC-42A3-9474-1A3956D46DE8}") = "Models", "Models", "{4B940B4D-D87D-4529-B43B-6DA42BF87FEE}"
	ProjectSection(SolutionItems) = preProject
		TaskItem.cs = TaskItem.cs
		User.cs = User.cs
	EndProjectSection
EndProject
Global
	GlobalSection(SolutionConfigurationPlatforms) = preSolution
		Debug|Any CPU = Debug|Any CPU
		Release|Any CPU = Release|Any CPU
	EndGlobalSection
	GlobalSection(ProjectConfigurationPlatforms) = postSolution
		{EA66AF6B-AA9C-4CC7-A0F4-9F2B652ED732}.Debug|Any CPU.ActiveCfg = Debug|Any CPU
		{EA66AF6B-AA9C-4CC7-A0F4-9F2B652ED732}.Debug|Any CPU.Build.0 = Debug|Any CPU
		{EA66AF6B-AA9C-4CC7-A0F4-9F2B652ED732}.Release|Any CPU.ActiveCfg = Release|Any CPU
		{EA66AF6B-AA9C-4CC7-A0F4-9F2B652ED732}.Release|Any CPU.Build.0 = Release|Any CPU
	EndGlobalSection
	GlobalSection(SolutionProperties) = preSolution
		HideSolutionNode = FALSE
	EndGlobalSection
	GlobalSection(ExtensibilityGlobals) = postSolution
		SolutionGuid = {6A592894-130D-4937-AA39-053D98C6D87C}
	EndGlobalSection
EndGlobal
