
Microsoft Visual Studio Solution File, Format Version 12.00
# Visual Studio Version 17
VisualStudioVersion = 17.14.36804.6
MinimumVisualStudioVersion = 10.0.40219.1
Project("{FAE04EC0-301F-11D3-BF4B-00C04F79EFBC}") = "TaskManagerAPI", "TaskManagerAPI\TaskManagerAPI.csproj", "{EA66AF6B-AA9C-4CC7-A0F4-9F2B652ED732}"
EndProject
Global
	GlobalSection(SolutionConfigurationPlatforms) = preSolution
		Debug|Any CPU = Debug|Any CPU
		Release|Any CPU = Release|Any CPU
	EndGlobalSection
	GlobalSection(ProjectConfigurationPlatforms) = postSolution
		{EA66AF6B-AA9C-4CC7-A0F4-9F2B652ED732}.Debug|Any CPU.ActiveCfg = Debug|Any CPU
		{EA66AF6B-AA9C-4CC7-A0F4-9F2B652ED732}.Debug|Any CPU.Build.0 = Debug|Any CPU
		{EA66AF6B-AA9C-4CC7-A0F4-9F2B652ED732}.Release|Any CPU.ActiveCfg = Release|Any CPU
		{EA66AF6B-AA9C-4CC7-A0F4-9F2B652ED732}.Release|Any CPU.Build.0 = Release|Any CPU
	EndGlobalSection
	GlobalSection(SolutionProperties) = preSolution
		HideSolutionNode = FALSE
	EndGlobalSection
	GlobalSection(ExtensibilityGlobals) = postSolution
		SolutionGuid = {6A592894-130D-4937-AA39-053D98C6D87C}
	EndGlobalSection
EndGlobal
